
Microsoft Visual Studio Solution File, Format Version 12.00
# Visual Studio Version 16
VisualStudioVersion = 16.0.30621.155
MinimumVisualStudioVersion = 10.0.40219.1
Project("{FAE04EC0-301F-11D3-BF4B-00C04F79EFBC}") = "Text Based Calculator", "Text Based Calculator.csproj", "{0E11965B-5042-479A-936A-3980B5D1EADB}"
EndProject
Global
	GlobalSection(SolutionConfigurationPlatforms) = preSolution
		Debug|Any CPU = Debug|Any CPU
		Release|Any CPU = Release|Any CPU
	EndGlobalSection
	GlobalSection(ProjectConfigurationPlatforms) = postSolution
		{0E11965B-5042-479A-936A-3980B5D1EADB}.Debug|Any CPU.ActiveCfg = Debug|Any CPU
		{0E11965B-5042-479A-936A-3980B5D1EADB}.Debug|Any CPU.Build.0 = Debug|Any CPU
		{0E11965B-5042-479A-936A-3980B5D1EADB}.Release|Any CPU.ActiveCfg = Release|Any CPU
		{0E11965B-5042-479A-936A-3980B5D1EADB}.Release|Any CPU.Build.0 = Release|Any CPU
	EndGlobalSection
	GlobalSection(SolutionProperties) = preSolution
		HideSolutionNode = FALSE
	EndGlobalSection
	GlobalSection(ExtensibilityGlobals) = postSolution
		SolutionGuid = {0D89B57E-03B5-47A1-9C83-5FE45BA33CEA}
	EndGlobalSection
EndGlobal
